
Microsoft Visual Studio Solution File, Format Version 12.00
# Visual Studio 15
VisualStudioVersion = 15.0.28307.329
MinimumVisualStudioVersion = 10.0.40219.1
Project("{FAE04EC0-301F-11D3-BF4B-00C04F79EFBC}") = "StringDemo", "StringDemo\StringDemo.csproj", "{F2BC6B12-0AB1-473D-B2F6-31CF102F2796}"
EndProject
Global
	GlobalSection(SolutionConfigurationPlatforms) = preSolution
		Debug|Any CPU = Debug|Any CPU
		Release|Any CPU = Release|Any CPU
	EndGlobalSection
	GlobalSection(ProjectConfigurationPlatforms) = postSolution
		{F2BC6B12-0AB1-473D-B2F6-31CF102F2796}.Debug|Any CPU.ActiveCfg = Debug|Any CPU
		{F2BC6B12-0AB1-473D-B2F6-31CF102F2796}.Debug|Any CPU.Build.0 = Debug|Any CPU
		{F2BC6B12-0AB1-473D-B2F6-31CF102F2796}.Release|Any CPU.ActiveCfg = Release|Any CPU
		{F2BC6B12-0AB1-473D-B2F6-31CF102F2796}.Release|Any CPU.Build.0 = Release|Any CPU
	EndGlobalSection
	GlobalSection(SolutionProperties) = preSolution
		HideSolutionNode = FALSE
	EndGlobalSection
	GlobalSection(ExtensibilityGlobals) = postSolution
		SolutionGuid = {CFD9F22F-2E9E-4807-8320-9FE67789052E}
	EndGlobalSection
EndGlobal
